// !$*UTF8*$!
{
	archiveVersion = 1;
	classes = {
	};
	objectVersion = 46;
	objects = {

/* Begin PBXBuildFile section */
		2D50C49E1B0C2AA000A5A867 /* Bolts.framework in Frameworks */ = {isa = PBXBuildFile; fileRef = 2D50C49C1B0C2AA000A5A867 /* Bolts.framework */; };
		2D50C49F1B0C2AA000A5A867 /* Parse.framework in Frameworks */ = {isa = PBXBuildFile; fileRef = 2D50C49D1B0C2AA000A5A867 /* Parse.framework */; };
		710336EE1B5DF5F50012CCAF /* CreditsRoll.swift in Sources */ = {isa = PBXBuildFile; fileRef = 710336ED1B5DF5F50012CCAF /* CreditsRoll.swift */; };
		710336F01B5DF6170012CCAF /* PetitionsEditViewController.swift in Sources */ = {isa = PBXBuildFile; fileRef = 710336EF1B5DF6170012CCAF /* PetitionsEditViewController.swift */; };
		710336F21B5DF62C0012CCAF /* NoteTableViewCell.swift in Sources */ = {isa = PBXBuildFile; fileRef = 710336F11B5DF62C0012CCAF /* NoteTableViewCell.swift */; };
		710336F41B5DF63B0012CCAF /* NoteTableViewCell.xib in Resources */ = {isa = PBXBuildFile; fileRef = 710336F31B5DF63B0012CCAF /* NoteTableViewCell.xib */; };
		710468DC1AAA8F2300C29AAE /* ThoughtsTableViewController.swift in Sources */ = {isa = PBXBuildFile; fileRef = 710468DB1AAA8F2300C29AAE /* ThoughtsTableViewController.swift */; };
		710468DE1AAACB8000C29AAE /* QuestionsTableViewController.swift in Sources */ = {isa = PBXBuildFile; fileRef = 710468DD1AAACB8000C29AAE /* QuestionsTableViewController.swift */; };
		710468E01AAACCF900C29AAE /* QuestionsViewController.swift in Sources */ = {isa = PBXBuildFile; fileRef = 710468DF1AAACCF900C29AAE /* QuestionsViewController.swift */; };
		7105B84D1A857DF70070619C /* LizLife.swift in Sources */ = {isa = PBXBuildFile; fileRef = 7105B84C1A857DF70070619C /* LizLife.swift */; };
		7105B85A1A857ED50070619C /* AudioToolbox.framework in Frameworks */ = {isa = PBXBuildFile; fileRef = 7105B8591A857ED50070619C /* AudioToolbox.framework */; };
		7105B85C1A857EE40070619C /* CFNetwork.framework in Frameworks */ = {isa = PBXBuildFile; fileRef = 7105B85B1A857EE40070619C /* CFNetwork.framework */; };
		7105B85E1A857EEF0070619C /* CoreGraphics.framework in Frameworks */ = {isa = PBXBuildFile; fileRef = 7105B85D1A857EEF0070619C /* CoreGraphics.framework */; };
		7105B8601A857EFF0070619C /* CoreLocation.framework in Frameworks */ = {isa = PBXBuildFile; fileRef = 7105B85F1A857EFF0070619C /* CoreLocation.framework */; };
		7105B8621A857F0B0070619C /* MobileCoreServices.framework in Frameworks */ = {isa = PBXBuildFile; fileRef = 7105B8611A857F0B0070619C /* MobileCoreServices.framework */; };
		7105B8641A857F180070619C /* QuartzCore.framework in Frameworks */ = {isa = PBXBuildFile; fileRef = 7105B8631A857F180070619C /* QuartzCore.framework */; };
		7105B8661A857F260070619C /* Security.framework in Frameworks */ = {isa = PBXBuildFile; fileRef = 7105B8651A857F260070619C /* Security.framework */; };
		7105B86A1A857F410070619C /* SystemConfiguration.framework in Frameworks */ = {isa = PBXBuildFile; fileRef = 7105B8691A857F410070619C /* SystemConfiguration.framework */; };
		7105B86C1A857F5B0070619C /* libz.dylib in Frameworks */ = {isa = PBXBuildFile; fileRef = 7105B86B1A857F5B0070619C /* libz.dylib */; };
		7105B86E1A857F6A0070619C /* libsqlite3.dylib in Frameworks */ = {isa = PBXBuildFile; fileRef = 7105B86D1A857F6A0070619C /* libsqlite3.dylib */; };
		712F07FE1A5F83BF00E0C60F /* JohnPrayers.swift in Sources */ = {isa = PBXBuildFile; fileRef = 712F07FD1A5F83BF00E0C60F /* JohnPrayers.swift */; };
		712F08041A5F86A200E0C60F /* JesusPrayers.swift in Sources */ = {isa = PBXBuildFile; fileRef = 712F08031A5F86A200E0C60F /* JesusPrayers.swift */; };
		7150F61D1B4F17090010C857 /* ThoughtsEditViewController.swift in Sources */ = {isa = PBXBuildFile; fileRef = 7150F61C1B4F17090010C857 /* ThoughtsEditViewController.swift */; };
		7150F61F1B5083260010C857 /* PetitionsEditViewController.swift in Sources */ = {isa = PBXBuildFile; fileRef = 7150F61E1B5083260010C857 /* PetitionsEditViewController.swift */; };
		7150F6211B50A5850010C857 /* QuestionsEditViewController.swift in Sources */ = {isa = PBXBuildFile; fileRef = 7150F6201B50A5850010C857 /* QuestionsEditViewController.swift */; };
		715A93E61A7D68C30075E32C /* TeresaLife.swift in Sources */ = {isa = PBXBuildFile; fileRef = 715A93E51A7D68C30075E32C /* TeresaLife.swift */; };
		715A93EA1A7D68EF0075E32C /* TeresaPrayers.swift in Sources */ = {isa = PBXBuildFile; fileRef = 715A93E91A7D68EF0075E32C /* TeresaPrayers.swift */; };
		715A93F01A7D692D0075E32C /* saintViewController.swift in Sources */ = {isa = PBXBuildFile; fileRef = 715A93EF1A7D692D0075E32C /* saintViewController.swift */; };
		715A93F21A7D69560075E32C /* MariamQuotes.swift in Sources */ = {isa = PBXBuildFile; fileRef = 715A93F11A7D69560075E32C /* MariamQuotes.swift */; };
		715A93FA1A7D6B340075E32C /* EdithQuotes.swift in Sources */ = {isa = PBXBuildFile; fileRef = 715A93F91A7D6B340075E32C /* EdithQuotes.swift */; };
		715A94001A7D6C7C0075E32C /* TeresaQuotes.swift in Sources */ = {isa = PBXBuildFile; fileRef = 715A93FF1A7D6C7C0075E32C /* TeresaQuotes.swift */; };
		715A94021A7D6CD10075E32C /* ThereseQuotes.swift in Sources */ = {isa = PBXBuildFile; fileRef = 715A94011A7D6CD10075E32C /* ThereseQuotes.swift */; };
		715A94041A7D6CF20075E32C /* TheresePrayers.swift in Sources */ = {isa = PBXBuildFile; fileRef = 715A94031A7D6CF20075E32C /* TheresePrayers.swift */; };
		715EA83C1A7D503F009DFFCA /* JesusQuotes.swift in Sources */ = {isa = PBXBuildFile; fileRef = 715EA83B1A7D503F009DFFCA /* JesusQuotes.swift */; };
		715EA83E1A7D50A7009DFFCA /* AndesQuotes.swift in Sources */ = {isa = PBXBuildFile; fileRef = 715EA83D1A7D50A7009DFFCA /* AndesQuotes.swift */; };
		715EA8441A7D51A6009DFFCA /* JohnQuotes.swift in Sources */ = {isa = PBXBuildFile; fileRef = 715EA8431A7D51A6009DFFCA /* JohnQuotes.swift */; };
		716C4F2D1A9D57ED00E0D084 /* PetitonsTableViewController.swift in Sources */ = {isa = PBXBuildFile; fileRef = 716C4F2C1A9D57ED00E0D084 /* PetitonsTableViewController.swift */; };
		716C4F311A9D58AB00E0D084 /* PetitionsViewController.swift in Sources */ = {isa = PBXBuildFile; fileRef = 716C4F301A9D58AB00E0D084 /* PetitionsViewController.swift */; };
		717414571AC4AF4F003534EB /* NoteTableViewCell.swift in Sources */ = {isa = PBXBuildFile; fileRef = 717414551AC4AF4F003534EB /* NoteTableViewCell.swift */; };
		717414581AC4AF4F003534EB /* NoteTableViewCell.xib in Resources */ = {isa = PBXBuildFile; fileRef = 717414561AC4AF4F003534EB /* NoteTableViewCell.xib */; };
		718111FD1A70AB1000DA14D6 /* EdithPrayers.swift in Sources */ = {isa = PBXBuildFile; fileRef = 718111FC1A70AB1000DA14D6 /* EdithPrayers.swift */; };
		718111FF1A70ACC900DA14D6 /* LizQuotes.swift in Sources */ = {isa = PBXBuildFile; fileRef = 718111FE1A70ACC900DA14D6 /* LizQuotes.swift */; };
		718112051A70AD3200DA14D6 /* AndesPrayers.swift in Sources */ = {isa = PBXBuildFile; fileRef = 718112041A70AD3200DA14D6 /* AndesPrayers.swift */; };
		718112071A70AD5000DA14D6 /* LizPrayers.swift in Sources */ = {isa = PBXBuildFile; fileRef = 718112061A70AD5000DA14D6 /* LizPrayers.swift */; };
		718112091A70AD7500DA14D6 /* MariamPrayers.swift in Sources */ = {isa = PBXBuildFile; fileRef = 718112081A70AD7500DA14D6 /* MariamPrayers.swift */; };
		7181120D1A70ADC100DA14D6 /* JohnLife.swift in Sources */ = {isa = PBXBuildFile; fileRef = 7181120C1A70ADC100DA14D6 /* JohnLife.swift */; };
		718112111A70AE2800DA14D6 /* ThereseLife.swift in Sources */ = {isa = PBXBuildFile; fileRef = 718112101A70AE2800DA14D6 /* ThereseLife.swift */; };
		718112131A70AE4300DA14D6 /* EdithLife.swift in Sources */ = {isa = PBXBuildFile; fileRef = 718112121A70AE4300DA14D6 /* EdithLife.swift */; };
		718112151A70AE5900DA14D6 /* JesusLife.swift in Sources */ = {isa = PBXBuildFile; fileRef = 718112141A70AE5900DA14D6 /* JesusLife.swift */; };
		718112171A70AE7400DA14D6 /* MariamLife.swift in Sources */ = {isa = PBXBuildFile; fileRef = 718112161A70AE7400DA14D6 /* MariamLife.swift */; };
		718112191A70AE8500DA14D6 /* AndesLife.swift in Sources */ = {isa = PBXBuildFile; fileRef = 718112181A70AE8500DA14D6 /* AndesLife.swift */; };
		71849D5D1AB3EC040091916C /* CreditsRoll.swift in Sources */ = {isa = PBXBuildFile; fileRef = 71849D5C1AB3EC040091916C /* CreditsRoll.swift */; };
		71849D5F1AB3F9E70091916C /* CreditsViewController.swift in Sources */ = {isa = PBXBuildFile; fileRef = 71849D5E1AB3F9E70091916C /* CreditsViewController.swift */; };
		719560D21AA4405900089930 /* ChoicesViewController.swift in Sources */ = {isa = PBXBuildFile; fileRef = 719560D11AA4405900089930 /* ChoicesViewController.swift */; };
		719EE3451A26C724007131ED /* AppDelegate.swift in Sources */ = {isa = PBXBuildFile; fileRef = 719EE3441A26C724007131ED /* AppDelegate.swift */; };
		719EE3471A26C724007131ED /* ViewController.swift in Sources */ = {isa = PBXBuildFile; fileRef = 719EE3461A26C724007131ED /* ViewController.swift */; };
		719EE34A1A26C724007131ED /* Main.storyboard in Resources */ = {isa = PBXBuildFile; fileRef = 719EE3481A26C724007131ED /* Main.storyboard */; };
		719EE34C1A26C724007131ED /* Images.xcassets in Resources */ = {isa = PBXBuildFile; fileRef = 719EE34B1A26C724007131ED /* Images.xcassets */; };
		719EE34F1A26C724007131ED /* LaunchScreen.xib in Resources */ = {isa = PBXBuildFile; fileRef = 719EE34D1A26C724007131ED /* LaunchScreen.xib */; };
		719EE35B1A26C724007131ED /* CallingHeavenTests.swift in Sources */ = {isa = PBXBuildFile; fileRef = 719EE35A1A26C724007131ED /* CallingHeavenTests.swift */; };
		71DEBD821A83E75D0015D369 /* Add-onsViewController.swift in Sources */ = {isa = PBXBuildFile; fileRef = 71DEBD811A83E75D0015D369 /* Add-onsViewController.swift */; };
		71F5964A1AA81B2F00A2768C /* ThoughtsViewController.swift in Sources */ = {isa = PBXBuildFile; fileRef = 71F596491AA81B2F00A2768C /* ThoughtsViewController.swift */; };
		71FDE94B1AC233B9009C304B /* TitusLife1.swift in Sources */ = {isa = PBXBuildFile; fileRef = 71FDE94A1AC233B9009C304B /* TitusLife1.swift */; };
		71FDE94D1AC23424009C304B /* TitusQuotes.swift in Sources */ = {isa = PBXBuildFile; fileRef = 71FDE94C1AC23424009C304B /* TitusQuotes.swift */; };
		71FDE94F1AC23468009C304B /* TitusPrayers.swift in Sources */ = {isa = PBXBuildFile; fileRef = 71FDE94E1AC23468009C304B /* TitusPrayers.swift */; };
/* End PBXBuildFile section */

/* Begin PBXContainerItemProxy section */
		719EE3551A26C724007131ED /* PBXContainerItemProxy */ = {
			isa = PBXContainerItemProxy;
			containerPortal = 719EE3371A26C723007131ED /* Project object */;
			proxyType = 1;
			remoteGlobalIDString = 719EE33E1A26C724007131ED;
			remoteInfo = CallingHeaven;
		};
/* End PBXContainerItemProxy section */

/* Begin PBXFileReference section */
		2D50C49C1B0C2AA000A5A867 /* Bolts.framework */ = {isa = PBXFileReference; lastKnownFileType = wrapper.framework; name = Bolts.framework; path = "parse-library-1/Bolts.framework"; sourceTree = "<group>"; };
		2D50C49D1B0C2AA000A5A867 /* Parse.framework */ = {isa = PBXFileReference; lastKnownFileType = wrapper.framework; name = Parse.framework; path = "parse-library-1/Parse.framework"; sourceTree = "<group>"; };
		710336ED1B5DF5F50012CCAF /* CreditsRoll.swift */ = {isa = PBXFileReference; fileEncoding = 4; lastKnownFileType = sourcecode.swift; path = CreditsRoll.swift; sourceTree = SOURCE_ROOT; };
		710336EF1B5DF6170012CCAF /* PetitionsEditViewController.swift */ = {isa = PBXFileReference; fileEncoding = 4; lastKnownFileType = sourcecode.swift; path = PetitionsEditViewController.swift; sourceTree = SOURCE_ROOT; };
		710336F11B5DF62C0012CCAF /* NoteTableViewCell.swift */ = {isa = PBXFileReference; fileEncoding = 4; lastKnownFileType = sourcecode.swift; path = NoteTableViewCell.swift; sourceTree = "<group>"; };
		710336F31B5DF63B0012CCAF /* NoteTableViewCell.xib */ = {isa = PBXFileReference; fileEncoding = 4; lastKnownFileType = file.xib; path = NoteTableViewCell.xib; sourceTree = "<group>"; };
		710468DB1AAA8F2300C29AAE /* ThoughtsTableViewController.swift */ = {isa = PBXFileReference; fileEncoding = 4; lastKnownFileType = sourcecode.swift; path = ThoughtsTableViewController.swift; sourceTree = "<group>"; };
		710468DD1AAACB8000C29AAE /* QuestionsTableViewController.swift */ = {isa = PBXFileReference; fileEncoding = 4; lastKnownFileType = sourcecode.swift; path = QuestionsTableViewController.swift; sourceTree = "<group>"; };
		710468DF1AAACCF900C29AAE /* QuestionsViewController.swift */ = {isa = PBXFileReference; fileEncoding = 4; lastKnownFileType = sourcecode.swift; path = QuestionsViewController.swift; sourceTree = "<group>"; };
		7105B84C1A857DF70070619C /* LizLife.swift */ = {isa = PBXFileReference; fileEncoding = 4; lastKnownFileType = sourcecode.swift; path = LizLife.swift; sourceTree = "<group>"; };
		7105B8591A857ED50070619C /* AudioToolbox.framework */ = {isa = PBXFileReference; lastKnownFileType = wrapper.framework; name = AudioToolbox.framework; path = System/Library/Frameworks/AudioToolbox.framework; sourceTree = SDKROOT; };
		7105B85B1A857EE40070619C /* CFNetwork.framework */ = {isa = PBXFileReference; lastKnownFileType = wrapper.framework; name = CFNetwork.framework; path = System/Library/Frameworks/CFNetwork.framework; sourceTree = SDKROOT; };
		7105B85D1A857EEF0070619C /* CoreGraphics.framework */ = {isa = PBXFileReference; lastKnownFileType = wrapper.framework; name = CoreGraphics.framework; path = System/Library/Frameworks/CoreGraphics.framework; sourceTree = SDKROOT; };
		7105B85F1A857EFF0070619C /* CoreLocation.framework */ = {isa = PBXFileReference; lastKnownFileType = wrapper.framework; name = CoreLocation.framework; path = System/Library/Frameworks/CoreLocation.framework; sourceTree = SDKROOT; };
		7105B8611A857F0B0070619C /* MobileCoreServices.framework */ = {isa = PBXFileReference; lastKnownFileType = wrapper.framework; name = MobileCoreServices.framework; path = System/Library/Frameworks/MobileCoreServices.framework; sourceTree = SDKROOT; };
		7105B8631A857F180070619C /* QuartzCore.framework */ = {isa = PBXFileReference; lastKnownFileType = wrapper.framework; name = QuartzCore.framework; path = System/Library/Frameworks/QuartzCore.framework; sourceTree = SDKROOT; };
		7105B8651A857F260070619C /* Security.framework */ = {isa = PBXFileReference; lastKnownFileType = wrapper.framework; name = Security.framework; path = System/Library/Frameworks/Security.framework; sourceTree = SDKROOT; };
		7105B8691A857F410070619C /* SystemConfiguration.framework */ = {isa = PBXFileReference; lastKnownFileType = wrapper.framework; name = SystemConfiguration.framework; path = System/Library/Frameworks/SystemConfiguration.framework; sourceTree = SDKROOT; };
		7105B86B1A857F5B0070619C /* libz.dylib */ = {isa = PBXFileReference; lastKnownFileType = "compiled.mach-o.dylib"; name = libz.dylib; path = usr/lib/libz.dylib; sourceTree = SDKROOT; };
		7105B86D1A857F6A0070619C /* libsqlite3.dylib */ = {isa = PBXFileReference; lastKnownFileType = "compiled.mach-o.dylib"; name = libsqlite3.dylib; path = usr/lib/libsqlite3.dylib; sourceTree = SDKROOT; };
		712F07FD1A5F83BF00E0C60F /* JohnPrayers.swift */ = {isa = PBXFileReference; fileEncoding = 4; lastKnownFileType = sourcecode.swift; path = JohnPrayers.swift; sourceTree = "<group>"; };
		712F08031A5F86A200E0C60F /* JesusPrayers.swift */ = {isa = PBXFileReference; fileEncoding = 4; lastKnownFileType = sourcecode.swift; path = JesusPrayers.swift; sourceTree = "<group>"; };
		7150F61C1B4F17090010C857 /* ThoughtsEditViewController.swift */ = {isa = PBXFileReference; fileEncoding = 4; lastKnownFileType = sourcecode.swift; path = ThoughtsEditViewController.swift; sourceTree = "<group>"; };
		7150F61E1B5083260010C857 /* PetitionsEditViewController.swift */ = {isa = PBXFileReference; fileEncoding = 4; lastKnownFileType = sourcecode.swift; name = PetitionsEditViewController.swift; path = CallingHeaven/PetitionsEditViewController.swift; sourceTree = "<group>"; };
		7150F6201B50A5850010C857 /* QuestionsEditViewController.swift */ = {isa = PBXFileReference; fileEncoding = 4; lastKnownFileType = sourcecode.swift; path = QuestionsEditViewController.swift; sourceTree = "<group>"; };
		715A93E51A7D68C30075E32C /* TeresaLife.swift */ = {isa = PBXFileReference; fileEncoding = 4; lastKnownFileType = sourcecode.swift; path = TeresaLife.swift; sourceTree = "<group>"; };
		715A93E91A7D68EF0075E32C /* TeresaPrayers.swift */ = {isa = PBXFileReference; fileEncoding = 4; lastKnownFileType = sourcecode.swift; path = TeresaPrayers.swift; sourceTree = "<group>"; };
		715A93EF1A7D692D0075E32C /* saintViewController.swift */ = {isa = PBXFileReference; fileEncoding = 4; lastKnownFileType = sourcecode.swift; path = saintViewController.swift; sourceTree = "<group>"; };
		715A93F11A7D69560075E32C /* MariamQuotes.swift */ = {isa = PBXFileReference; fileEncoding = 4; lastKnownFileType = sourcecode.swift; path = MariamQuotes.swift; sourceTree = "<group>"; };
		715A93F91A7D6B340075E32C /* EdithQuotes.swift */ = {isa = PBXFileReference; fileEncoding = 4; lastKnownFileType = sourcecode.swift; path = EdithQuotes.swift; sourceTree = "<group>"; };
		715A93FF1A7D6C7C0075E32C /* TeresaQuotes.swift */ = {isa = PBXFileReference; fileEncoding = 4; lastKnownFileType = sourcecode.swift; path = TeresaQuotes.swift; sourceTree = "<group>"; };
		715A94011A7D6CD10075E32C /* ThereseQuotes.swift */ = {isa = PBXFileReference; fileEncoding = 4; lastKnownFileType = sourcecode.swift; path = ThereseQuotes.swift; sourceTree = "<group>"; };
		715A94031A7D6CF20075E32C /* TheresePrayers.swift */ = {isa = PBXFileReference; fileEncoding = 4; lastKnownFileType = sourcecode.swift; path = TheresePrayers.swift; sourceTree = "<group>"; };
		715EA83B1A7D503F009DFFCA /* JesusQuotes.swift */ = {isa = PBXFileReference; fileEncoding = 4; lastKnownFileType = sourcecode.swift; path = JesusQuotes.swift; sourceTree = "<group>"; };
		715EA83D1A7D50A7009DFFCA /* AndesQuotes.swift */ = {isa = PBXFileReference; fileEncoding = 4; lastKnownFileType = sourcecode.swift; path = AndesQuotes.swift; sourceTree = "<group>"; };
		715EA8431A7D51A6009DFFCA /* JohnQuotes.swift */ = {isa = PBXFileReference; fileEncoding = 4; lastKnownFileType = sourcecode.swift; path = JohnQuotes.swift; sourceTree = "<group>"; };
		716C4F2C1A9D57ED00E0D084 /* PetitonsTableViewController.swift */ = {isa = PBXFileReference; fileEncoding = 4; lastKnownFileType = sourcecode.swift; path = PetitonsTableViewController.swift; sourceTree = "<group>"; };
		716C4F301A9D58AB00E0D084 /* PetitionsViewController.swift */ = {isa = PBXFileReference; fileEncoding = 4; lastKnownFileType = sourcecode.swift; name = PetitionsViewController.swift; path = ../PetitionsViewController.swift; sourceTree = "<group>"; };
		717414551AC4AF4F003534EB /* NoteTableViewCell.swift */ = {isa = PBXFileReference; fileEncoding = 4; lastKnownFileType = sourcecode.swift; name = NoteTableViewCell.swift; path = CallingHeaven/NoteTableViewCell.swift; sourceTree = "<group>"; };
		717414561AC4AF4F003534EB /* NoteTableViewCell.xib */ = {isa = PBXFileReference; fileEncoding = 4; lastKnownFileType = file.xib; name = NoteTableViewCell.xib; path = CallingHeaven/NoteTableViewCell.xib; sourceTree = "<group>"; };
		718111FC1A70AB1000DA14D6 /* EdithPrayers.swift */ = {isa = PBXFileReference; fileEncoding = 4; lastKnownFileType = sourcecode.swift; path = EdithPrayers.swift; sourceTree = "<group>"; };
		718111FE1A70ACC900DA14D6 /* LizQuotes.swift */ = {isa = PBXFileReference; fileEncoding = 4; lastKnownFileType = sourcecode.swift; path = LizQuotes.swift; sourceTree = "<group>"; };
		718112041A70AD3200DA14D6 /* AndesPrayers.swift */ = {isa = PBXFileReference; fileEncoding = 4; lastKnownFileType = sourcecode.swift; path = AndesPrayers.swift; sourceTree = "<group>"; };
		718112061A70AD5000DA14D6 /* LizPrayers.swift */ = {isa = PBXFileReference; fileEncoding = 4; lastKnownFileType = sourcecode.swift; path = LizPrayers.swift; sourceTree = "<group>"; };
		718112081A70AD7500DA14D6 /* MariamPrayers.swift */ = {isa = PBXFileReference; fileEncoding = 4; lastKnownFileType = sourcecode.swift; path = MariamPrayers.swift; sourceTree = "<group>"; };
		7181120C1A70ADC100DA14D6 /* JohnLife.swift */ = {isa = PBXFileReference; fileEncoding = 4; lastKnownFileType = sourcecode.swift; path = JohnLife.swift; sourceTree = "<group>"; };
		718112101A70AE2800DA14D6 /* ThereseLife.swift */ = {isa = PBXFileReference; fileEncoding = 4; lastKnownFileType = sourcecode.swift; path = ThereseLife.swift; sourceTree = "<group>"; };
		718112121A70AE4300DA14D6 /* EdithLife.swift */ = {isa = PBXFileReference; fileEncoding = 4; lastKnownFileType = sourcecode.swift; path = EdithLife.swift; sourceTree = "<group>"; };
		718112141A70AE5900DA14D6 /* JesusLife.swift */ = {isa = PBXFileReference; fileEncoding = 4; lastKnownFileType = sourcecode.swift; path = JesusLife.swift; sourceTree = "<group>"; };
		718112161A70AE7400DA14D6 /* MariamLife.swift */ = {isa = PBXFileReference; fileEncoding = 4; lastKnownFileType = sourcecode.swift; path = MariamLife.swift; sourceTree = "<group>"; };
		718112181A70AE8500DA14D6 /* AndesLife.swift */ = {isa = PBXFileReference; fileEncoding = 4; lastKnownFileType = sourcecode.swift; path = AndesLife.swift; sourceTree = "<group>"; };
		71849D5C1AB3EC040091916C /* CreditsRoll.swift */ = {isa = PBXFileReference; fileEncoding = 4; lastKnownFileType = sourcecode.swift; name = CreditsRoll.swift; path = ../CreditsRoll.swift; sourceTree = "<group>"; };
		71849D5E1AB3F9E70091916C /* CreditsViewController.swift */ = {isa = PBXFileReference; fileEncoding = 4; lastKnownFileType = sourcecode.swift; path = CreditsViewController.swift; sourceTree = "<group>"; };
		719240CB1AA985C500D6EED7 /* CallingHeaven.entitlements */ = {isa = PBXFileReference; lastKnownFileType = text.xml; path = CallingHeaven.entitlements; sourceTree = "<group>"; };
		719560D11AA4405900089930 /* ChoicesViewController.swift */ = {isa = PBXFileReference; fileEncoding = 4; lastKnownFileType = sourcecode.swift; path = ChoicesViewController.swift; sourceTree = "<group>"; };
		719EE33F1A26C724007131ED /* CallingHeaven.app */ = {isa = PBXFileReference; explicitFileType = wrapper.application; includeInIndex = 0; path = CallingHeaven.app; sourceTree = BUILT_PRODUCTS_DIR; };
		719EE3431A26C724007131ED /* Info.plist */ = {isa = PBXFileReference; lastKnownFileType = text.plist.xml; path = Info.plist; sourceTree = "<group>"; };
		719EE3441A26C724007131ED /* AppDelegate.swift */ = {isa = PBXFileReference; lastKnownFileType = sourcecode.swift; path = AppDelegate.swift; sourceTree = "<group>"; };
		719EE3461A26C724007131ED /* ViewController.swift */ = {isa = PBXFileReference; lastKnownFileType = sourcecode.swift; path = ViewController.swift; sourceTree = "<group>"; };
		719EE3491A26C724007131ED /* Base */ = {isa = PBXFileReference; lastKnownFileType = file.storyboard; name = Base; path = Base.lproj/Main.storyboard; sourceTree = "<group>"; };
		719EE34B1A26C724007131ED /* Images.xcassets */ = {isa = PBXFileReference; lastKnownFileType = folder.assetcatalog; path = Images.xcassets; sourceTree = "<group>"; };
		719EE34E1A26C724007131ED /* Base */ = {isa = PBXFileReference; lastKnownFileType = file.xib; name = Base; path = Base.lproj/LaunchScreen.xib; sourceTree = "<group>"; };
		719EE3541A26C724007131ED /* CallingHeavenTests.xctest */ = {isa = PBXFileReference; explicitFileType = wrapper.cfbundle; includeInIndex = 0; path = CallingHeavenTests.xctest; sourceTree = BUILT_PRODUCTS_DIR; };
		719EE3591A26C724007131ED /* Info.plist */ = {isa = PBXFileReference; lastKnownFileType = text.plist.xml; path = Info.plist; sourceTree = "<group>"; };
		719EE35A1A26C724007131ED /* CallingHeavenTests.swift */ = {isa = PBXFileReference; lastKnownFileType = sourcecode.swift; path = CallingHeavenTests.swift; sourceTree = "<group>"; };
		71DEBD811A83E75D0015D369 /* Add-onsViewController.swift */ = {isa = PBXFileReference; fileEncoding = 4; lastKnownFileType = sourcecode.swift; name = "Add-onsViewController.swift"; path = "../Add-onsViewController.swift"; sourceTree = "<group>"; };
		71F596491AA81B2F00A2768C /* ThoughtsViewController.swift */ = {isa = PBXFileReference; fileEncoding = 4; lastKnownFileType = sourcecode.swift; path = ThoughtsViewController.swift; sourceTree = "<group>"; };
		71FDE94A1AC233B9009C304B /* TitusLife1.swift */ = {isa = PBXFileReference; fileEncoding = 4; lastKnownFileType = sourcecode.swift; path = TitusLife1.swift; sourceTree = "<group>"; };
		71FDE94C1AC23424009C304B /* TitusQuotes.swift */ = {isa = PBXFileReference; fileEncoding = 4; lastKnownFileType = sourcecode.swift; path = TitusQuotes.swift; sourceTree = "<group>"; };
		71FDE94E1AC23468009C304B /* TitusPrayers.swift */ = {isa = PBXFileReference; fileEncoding = 4; lastKnownFileType = sourcecode.swift; path = TitusPrayers.swift; sourceTree = "<group>"; };
/* End PBXFileReference section */

/* Begin PBXFrameworksBuildPhase section */
		719EE33C1A26C724007131ED /* Frameworks */ = {
			isa = PBXFrameworksBuildPhase;
			buildActionMask = 2147483647;
			files = (
				7105B86E1A857F6A0070619C /* libsqlite3.dylib in Frameworks */,
				7105B86C1A857F5B0070619C /* libz.dylib in Frameworks */,
				7105B86A1A857F410070619C /* SystemConfiguration.framework in Frameworks */,
				2D50C49E1B0C2AA000A5A867 /* Bolts.framework in Frameworks */,
				7105B8661A857F260070619C /* Security.framework in Frameworks */,
				2D50C49F1B0C2AA000A5A867 /* Parse.framework in Frameworks */,
				7105B8641A857F180070619C /* QuartzCore.framework in Frameworks */,
				7105B8621A857F0B0070619C /* MobileCoreServices.framework in Frameworks */,
				7105B8601A857EFF0070619C /* CoreLocation.framework in Frameworks */,
				7105B85E1A857EEF0070619C /* CoreGraphics.framework in Frameworks */,
				7105B85C1A857EE40070619C /* CFNetwork.framework in Frameworks */,
				7105B85A1A857ED50070619C /* AudioToolbox.framework in Frameworks */,
			);
			runOnlyForDeploymentPostprocessing = 0;
		};
		719EE3511A26C724007131ED /* Frameworks */ = {
			isa = PBXFrameworksBuildPhase;
			buildActionMask = 2147483647;
			files = (
			);
			runOnlyForDeploymentPostprocessing = 0;
		};
/* End PBXFrameworksBuildPhase section */

/* Begin PBXGroup section */
		7105B84B1A857D6D0070619C /* Frameworks */ = {
			isa = PBXGroup;
			children = (
				2D50C49C1B0C2AA000A5A867 /* Bolts.framework */,
				2D50C49D1B0C2AA000A5A867 /* Parse.framework */,
				7105B8591A857ED50070619C /* AudioToolbox.framework */,
				7105B85B1A857EE40070619C /* CFNetwork.framework */,
				7105B86D1A857F6A0070619C /* libsqlite3.dylib */,
				7105B86B1A857F5B0070619C /* libz.dylib */,
				7105B8691A857F410070619C /* SystemConfiguration.framework */,
				7105B8651A857F260070619C /* Security.framework */,
				7105B8631A857F180070619C /* QuartzCore.framework */,
				7105B8611A857F0B0070619C /* MobileCoreServices.framework */,
				7105B85F1A857EFF0070619C /* CoreLocation.framework */,
				7105B85D1A857EEF0070619C /* CoreGraphics.framework */,
			);
			name = Frameworks;
			path = CallingHeaven;
			sourceTree = "<group>";
		};
		719240CC1AA9896600D6EED7 /* Journal */ = {
			isa = PBXGroup;
			children = (
				716C4F301A9D58AB00E0D084 /* PetitionsViewController.swift */,
				719560D11AA4405900089930 /* ChoicesViewController.swift */,
				716C4F2C1A9D57ED00E0D084 /* PetitonsTableViewController.swift */,
				710468DB1AAA8F2300C29AAE /* ThoughtsTableViewController.swift */,
				71F596491AA81B2F00A2768C /* ThoughtsViewController.swift */,
				710468DD1AAACB8000C29AAE /* QuestionsTableViewController.swift */,
				710468DF1AAACCF900C29AAE /* QuestionsViewController.swift */,
			);
			name = Journal;
			sourceTree = "<group>";
		};
		719240CD1AA9897C00D6EED7 /* Saint Quotes */ = {
			isa = PBXGroup;
			children = (
				719EE3461A26C724007131ED /* ViewController.swift */,
				71849D5E1AB3F9E70091916C /* CreditsViewController.swift */,
				71DEBD811A83E75D0015D369 /* Add-onsViewController.swift */,
				715A93EF1A7D692D0075E32C /* saintViewController.swift */,
			);
			name = "Saint Quotes";
			sourceTree = "<group>";
		};
		719EE3361A26C723007131ED = {
			isa = PBXGroup;
			children = (
				7150F61E1B5083260010C857 /* PetitionsEditViewController.swift */,
				710336F31B5DF63B0012CCAF /* NoteTableViewCell.xib */,
				717414551AC4AF4F003534EB /* NoteTableViewCell.swift */,
				710336F11B5DF62C0012CCAF /* NoteTableViewCell.swift */,
				717414561AC4AF4F003534EB /* NoteTableViewCell.xib */,
				719EE3411A26C724007131ED /* CallingHeaven */,
				719EE3571A26C724007131ED /* CallingHeavenTests */,
				719EE3401A26C724007131ED /* Products */,
				7105B84B1A857D6D0070619C /* Frameworks */,
			);
			sourceTree = "<group>";
		};
		719EE3401A26C724007131ED /* Products */ = {
			isa = PBXGroup;
			children = (
				719EE33F1A26C724007131ED /* CallingHeaven.app */,
				719EE3541A26C724007131ED /* CallingHeavenTests.xctest */,
			);
			name = Products;
			sourceTree = "<group>";
		};
		719EE3411A26C724007131ED /* CallingHeaven */ = {
			isa = PBXGroup;
			children = (
				71849D5C1AB3EC040091916C /* CreditsRoll.swift */,
				710336ED1B5DF5F50012CCAF /* CreditsRoll.swift */,
				719240CB1AA985C500D6EED7 /* CallingHeaven.entitlements */,
				719EE3441A26C724007131ED /* AppDelegate.swift */,
				719EE3481A26C724007131ED /* Main.storyboard */,
				7150F6201B50A5850010C857 /* QuestionsEditViewController.swift */,
				7150F61C1B4F17090010C857 /* ThoughtsEditViewController.swift */,
				710336EF1B5DF6170012CCAF /* PetitionsEditViewController.swift */,
				719EE34B1A26C724007131ED /* Images.xcassets */,
				719EE34D1A26C724007131ED /* LaunchScreen.xib */,
				71BBE2D31A967D01004B7120 /* VC Files- Swift */,
				71BBE2D41A967D9E004B7120 /* Quote Files */,
				71BBE2D51A967DDD004B7120 /* Prayers */,
				71BBE2D61A967E1F004B7120 /* Life */,
				719EE3421A26C724007131ED /* Supporting Files */,
			);
			path = CallingHeaven;
			sourceTree = "<group>";
		};
		719EE3421A26C724007131ED /* Supporting Files */ = {
			isa = PBXGroup;
			children = (
				719EE3431A26C724007131ED /* Info.plist */,
			);
			name = "Supporting Files";
			sourceTree = "<group>";
		};
		719EE3571A26C724007131ED /* CallingHeavenTests */ = {
			isa = PBXGroup;
			children = (
				719EE35A1A26C724007131ED /* CallingHeavenTests.swift */,
				719EE3581A26C724007131ED /* Supporting Files */,
			);
			path = CallingHeavenTests;
			sourceTree = "<group>";
		};
		719EE3581A26C724007131ED /* Supporting Files */ = {
			isa = PBXGroup;
			children = (
				719EE3591A26C724007131ED /* Info.plist */,
			);
			name = "Supporting Files";
			sourceTree = "<group>";
		};
		71BBE2D31A967D01004B7120 /* VC Files- Swift */ = {
			isa = PBXGroup;
			children = (
				719240CC1AA9896600D6EED7 /* Journal */,
				719240CD1AA9897C00D6EED7 /* Saint Quotes */,
			);
			name = "VC Files- Swift";
			sourceTree = "<group>";
		};
		71BBE2D41A967D9E004B7120 /* Quote Files */ = {
			isa = PBXGroup;
			children = (
				715A93F91A7D6B340075E32C /* EdithQuotes.swift */,
				71FDE94C1AC23424009C304B /* TitusQuotes.swift */,
				715A93F11A7D69560075E32C /* MariamQuotes.swift */,
				718111FE1A70ACC900DA14D6 /* LizQuotes.swift */,
				715A94011A7D6CD10075E32C /* ThereseQuotes.swift */,
				715A93FF1A7D6C7C0075E32C /* TeresaQuotes.swift */,
				715EA8431A7D51A6009DFFCA /* JohnQuotes.swift */,
				715EA83B1A7D503F009DFFCA /* JesusQuotes.swift */,
				715EA83D1A7D50A7009DFFCA /* AndesQuotes.swift */,
			);
			name = "Quote Files";
			sourceTree = "<group>";
		};
		71BBE2D51A967DDD004B7120 /* Prayers */ = {
			isa = PBXGroup;
			children = (
				718112041A70AD3200DA14D6 /* AndesPrayers.swift */,
				71FDE94E1AC23468009C304B /* TitusPrayers.swift */,
				715A93E91A7D68EF0075E32C /* TeresaPrayers.swift */,
				715A94031A7D6CF20075E32C /* TheresePrayers.swift */,
				718112081A70AD7500DA14D6 /* MariamPrayers.swift */,
				718112061A70AD5000DA14D6 /* LizPrayers.swift */,
				712F07FD1A5F83BF00E0C60F /* JohnPrayers.swift */,
				712F08031A5F86A200E0C60F /* JesusPrayers.swift */,
				718111FC1A70AB1000DA14D6 /* EdithPrayers.swift */,
			);
			name = Prayers;
			sourceTree = "<group>";
		};
		71BBE2D61A967E1F004B7120 /* Life */ = {
			isa = PBXGroup;
			children = (
				718112101A70AE2800DA14D6 /* ThereseLife.swift */,
				715A93E51A7D68C30075E32C /* TeresaLife.swift */,
				718112141A70AE5900DA14D6 /* JesusLife.swift */,
				718112161A70AE7400DA14D6 /* MariamLife.swift */,
				7181120C1A70ADC100DA14D6 /* JohnLife.swift */,
				718112121A70AE4300DA14D6 /* EdithLife.swift */,
				71FDE94A1AC233B9009C304B /* TitusLife1.swift */,
				718112181A70AE8500DA14D6 /* AndesLife.swift */,
				7105B84C1A857DF70070619C /* LizLife.swift */,
			);
			name = Life;
			sourceTree = "<group>";
		};
/* End PBXGroup section */

/* Begin PBXNativeTarget section */
		719EE33E1A26C724007131ED /* CallingHeaven */ = {
			isa = PBXNativeTarget;
			buildConfigurationList = 719EE35E1A26C724007131ED /* Build configuration list for PBXNativeTarget "CallingHeaven" */;
			buildPhases = (
				719EE33B1A26C724007131ED /* Sources */,
				719EE33C1A26C724007131ED /* Frameworks */,
				719EE33D1A26C724007131ED /* Resources */,
			);
			buildRules = (
			);
			dependencies = (
			);
			name = CallingHeaven;
			productName = CallingHeaven;
			productReference = 719EE33F1A26C724007131ED /* CallingHeaven.app */;
			productType = "com.apple.product-type.application";
		};
		719EE3531A26C724007131ED /* CallingHeavenTests */ = {
			isa = PBXNativeTarget;
			buildConfigurationList = 719EE3611A26C724007131ED /* Build configuration list for PBXNativeTarget "CallingHeavenTests" */;
			buildPhases = (
				719EE3501A26C724007131ED /* Sources */,
				719EE3511A26C724007131ED /* Frameworks */,
				719EE3521A26C724007131ED /* Resources */,
			);
			buildRules = (
			);
			dependencies = (
				719EE3561A26C724007131ED /* PBXTargetDependency */,
			);
			name = CallingHeavenTests;
			productName = CallingHeavenTests;
			productReference = 719EE3541A26C724007131ED /* CallingHeavenTests.xctest */;
			productType = "com.apple.product-type.bundle.unit-test";
		};
/* End PBXNativeTarget section */

/* Begin PBXProject section */
		719EE3371A26C723007131ED /* Project object */ = {
			isa = PBXProject;
			attributes = {
				LastUpgradeCheck = 0640;
				ORGANIZATIONNAME = "Carmel Heart Media";
				TargetAttributes = {
					719EE33E1A26C724007131ED = {
						CreatedOnToolsVersion = 6.1;
						DevelopmentTeam = 4UV7252NR9;
						SystemCapabilities = {
							com.apple.InAppPurchase = {
								enabled = 0;
							};
							com.apple.Keychain = {
								enabled = 0;
							};
						};
					};
					719EE3531A26C724007131ED = {
						CreatedOnToolsVersion = 6.1;
						TestTargetID = 719EE33E1A26C724007131ED;
					};
				};
			};
			buildConfigurationList = 719EE33A1A26C723007131ED /* Build configuration list for PBXProject "CallingHeaven" */;
			compatibilityVersion = "Xcode 3.2";
			developmentRegion = English;
			hasScannedForEncodings = 0;
			knownRegions = (
				en,
				Base,
			);
			mainGroup = 719EE3361A26C723007131ED;
			productRefGroup = 719EE3401A26C724007131ED /* Products */;
			projectDirPath = "";
			projectRoot = "";
			targets = (
				719EE33E1A26C724007131ED /* CallingHeaven */,
				719EE3531A26C724007131ED /* CallingHeavenTests */,
			);
		};
/* End PBXProject section */

/* Begin PBXResourcesBuildPhase section */
		719EE33D1A26C724007131ED /* Resources */ = {
			isa = PBXResourcesBuildPhase;
			buildActionMask = 2147483647;
			files = (
				719EE34A1A26C724007131ED /* Main.storyboard in Resources */,
				719EE34F1A26C724007131ED /* LaunchScreen.xib in Resources */,
				719EE34C1A26C724007131ED /* Images.xcassets in Resources */,
				710336F41B5DF63B0012CCAF /* NoteTableViewCell.xib in Resources */,
				717414581AC4AF4F003534EB /* NoteTableViewCell.xib in Resources */,
			);
			runOnlyForDeploymentPostprocessing = 0;
		};
		719EE3521A26C724007131ED /* Resources */ = {
			isa = PBXResourcesBuildPhase;
			buildActionMask = 2147483647;
			files = (
			);
			runOnlyForDeploymentPostprocessing = 0;
		};
/* End PBXResourcesBuildPhase section */

/* Begin PBXSourcesBuildPhase section */
		719EE33B1A26C724007131ED /* Sources */ = {
			isa = PBXSourcesBuildPhase;
			buildActionMask = 2147483647;
			files = (
				715A93F01A7D692D0075E32C /* saintViewController.swift in Sources */,
				7150F61F1B5083260010C857 /* PetitionsEditViewController.swift in Sources */,
				715A94041A7D6CF20075E32C /* TheresePrayers.swift in Sources */,
				71849D5F1AB3F9E70091916C /* CreditsViewController.swift in Sources */,
				712F08041A5F86A200E0C60F /* JesusPrayers.swift in Sources */,
				718111FD1A70AB1000DA14D6 /* EdithPrayers.swift in Sources */,
				710336EE1B5DF5F50012CCAF /* CreditsRoll.swift in Sources */,
				717414571AC4AF4F003534EB /* NoteTableViewCell.swift in Sources */,
				718112071A70AD5000DA14D6 /* LizPrayers.swift in Sources */,
				719EE3471A26C724007131ED /* ViewController.swift in Sources */,
				715EA83E1A7D50A7009DFFCA /* AndesQuotes.swift in Sources */,
				718112091A70AD7500DA14D6 /* MariamPrayers.swift in Sources */,
				718112131A70AE4300DA14D6 /* EdithLife.swift in Sources */,
				715A93E61A7D68C30075E32C /* TeresaLife.swift in Sources */,
				7181120D1A70ADC100DA14D6 /* JohnLife.swift in Sources */,
				715EA8441A7D51A6009DFFCA /* JohnQuotes.swift in Sources */,
				715A93EA1A7D68EF0075E32C /* TeresaPrayers.swift in Sources */,
				719EE3451A26C724007131ED /* AppDelegate.swift in Sources */,
				715A94021A7D6CD10075E32C /* ThereseQuotes.swift in Sources */,
				71FDE94B1AC233B9009C304B /* TitusLife1.swift in Sources */,
				710336F01B5DF6170012CCAF /* PetitionsEditViewController.swift in Sources */,
				710468DC1AAA8F2300C29AAE /* ThoughtsTableViewController.swift in Sources */,
				710468E01AAACCF900C29AAE /* QuestionsViewController.swift in Sources */,
				712F07FE1A5F83BF00E0C60F /* JohnPrayers.swift in Sources */,
				71DEBD821A83E75D0015D369 /* Add-onsViewController.swift in Sources */,
				718112171A70AE7400DA14D6 /* MariamLife.swift in Sources */,
				718111FF1A70ACC900DA14D6 /* LizQuotes.swift in Sources */,
				7150F61D1B4F17090010C857 /* ThoughtsEditViewController.swift in Sources */,
				71FDE94F1AC23468009C304B /* TitusPrayers.swift in Sources */,
				718112151A70AE5900DA14D6 /* JesusLife.swift in Sources */,
				718112051A70AD3200DA14D6 /* AndesPrayers.swift in Sources */,
				718112191A70AE8500DA14D6 /* AndesLife.swift in Sources */,
				716C4F2D1A9D57ED00E0D084 /* PetitonsTableViewController.swift in Sources */,
				71FDE94D1AC23424009C304B /* TitusQuotes.swift in Sources */,
				7150F6211B50A5850010C857 /* QuestionsEditViewController.swift in Sources */,
				718112111A70AE2800DA14D6 /* ThereseLife.swift in Sources */,
				715A93FA1A7D6B340075E32C /* EdithQuotes.swift in Sources */,
				715A93F21A7D69560075E32C /* MariamQuotes.swift in Sources */,
				716C4F311A9D58AB00E0D084 /* PetitionsViewController.swift in Sources */,
				715A94001A7D6C7C0075E32C /* TeresaQuotes.swift in Sources */,
				710468DE1AAACB8000C29AAE /* QuestionsTableViewController.swift in Sources */,
				715EA83C1A7D503F009DFFCA /* JesusQuotes.swift in Sources */,
				71F5964A1AA81B2F00A2768C /* ThoughtsViewController.swift in Sources */,
				719560D21AA4405900089930 /* ChoicesViewController.swift in Sources */,
				71849D5D1AB3EC040091916C /* CreditsRoll.swift in Sources */,
				7105B84D1A857DF70070619C /* LizLife.swift in Sources */,
				710336F21B5DF62C0012CCAF /* NoteTableViewCell.swift in Sources */,
			);
			runOnlyForDeploymentPostprocessing = 0;
		};
		719EE3501A26C724007131ED /* Sources */ = {
			isa = PBXSourcesBuildPhase;
			buildActionMask = 2147483647;
			files = (
				719EE35B1A26C724007131ED /* CallingHeavenTests.swift in Sources */,
			);
			runOnlyForDeploymentPostprocessing = 0;
		};
/* End PBXSourcesBuildPhase section */

/* Begin PBXTargetDependency section */
		719EE3561A26C724007131ED /* PBXTargetDependency */ = {
			isa = PBXTargetDependency;
			target = 719EE33E1A26C724007131ED /* CallingHeaven */;
			targetProxy = 719EE3551A26C724007131ED /* PBXContainerItemProxy */;
		};
/* End PBXTargetDependency section */

/* Begin PBXVariantGroup section */
		719EE3481A26C724007131ED /* Main.storyboard */ = {
			isa = PBXVariantGroup;
			children = (
				719EE3491A26C724007131ED /* Base */,
			);
			name = Main.storyboard;
			sourceTree = "<group>";
		};
		719EE34D1A26C724007131ED /* LaunchScreen.xib */ = {
			isa = PBXVariantGroup;
			children = (
				719EE34E1A26C724007131ED /* Base */,
			);
			name = LaunchScreen.xib;
			sourceTree = "<group>";
		};
/* End PBXVariantGroup section */

/* Begin XCBuildConfiguration section */
		719EE35C1A26C724007131ED /* Debug */ = {
			isa = XCBuildConfiguration;
			buildSettings = {
				ALWAYS_SEARCH_USER_PATHS = NO;
				CLANG_CXX_LANGUAGE_STANDARD = "gnu++0x";
				CLANG_CXX_LIBRARY = "libc++";
				CLANG_ENABLE_MODULES = YES;
				CLANG_ENABLE_OBJC_ARC = YES;
				CLANG_WARN_BOOL_CONVERSION = YES;
				CLANG_WARN_CONSTANT_CONVERSION = YES;
				CLANG_WARN_DIRECT_OBJC_ISA_USAGE = YES_ERROR;
				CLANG_WARN_EMPTY_BODY = YES;
				CLANG_WARN_ENUM_CONVERSION = YES;
				CLANG_WARN_INT_CONVERSION = YES;
				CLANG_WARN_OBJC_ROOT_CLASS = YES_ERROR;
				CLANG_WARN_UNREACHABLE_CODE = YES;
				CLANG_WARN__DUPLICATE_METHOD_MATCH = YES;
				CODE_SIGN_IDENTITY = "iPhone Developer";
				"CODE_SIGN_IDENTITY[sdk=iphoneos*]" = "iPhone Developer";
				COPY_PHASE_STRIP = NO;
				DEFINES_MODULE = YES;
				ENABLE_STRICT_OBJC_MSGSEND = YES;
				GCC_C_LANGUAGE_STANDARD = gnu99;
				GCC_DYNAMIC_NO_PIC = NO;
				GCC_OPTIMIZATION_LEVEL = 0;
				GCC_PREPROCESSOR_DEFINITIONS = (
					"DEBUG=1",
					"$(inherited)",
				);
				GCC_SYMBOLS_PRIVATE_EXTERN = NO;
				GCC_WARN_64_TO_32_BIT_CONVERSION = YES;
				GCC_WARN_ABOUT_RETURN_TYPE = YES_ERROR;
				GCC_WARN_UNDECLARED_SELECTOR = YES;
				GCC_WARN_UNINITIALIZED_AUTOS = YES_AGGRESSIVE;
				GCC_WARN_UNUSED_FUNCTION = YES;
				GCC_WARN_UNUSED_VARIABLE = YES;
				IPHONEOS_DEPLOYMENT_TARGET = 8.1;
				MTL_ENABLE_DEBUG_INFO = YES;
				ONLY_ACTIVE_ARCH = YES;
				PROVISIONING_PROFILE = "";
				SDKROOT = iphoneos;
				SWIFT_OPTIMIZATION_LEVEL = "-Onone";
			};
			name = Debug;
		};
		719EE35D1A26C724007131ED /* Release */ = {
			isa = XCBuildConfiguration;
			buildSettings = {
				ALWAYS_SEARCH_USER_PATHS = NO;
				CLANG_CXX_LANGUAGE_STANDARD = "gnu++0x";
				CLANG_CXX_LIBRARY = "libc++";
				CLANG_ENABLE_MODULES = YES;
				CLANG_ENABLE_OBJC_ARC = YES;
				CLANG_WARN_BOOL_CONVERSION = YES;
				CLANG_WARN_CONSTANT_CONVERSION = YES;
				CLANG_WARN_DIRECT_OBJC_ISA_USAGE = YES_ERROR;
				CLANG_WARN_EMPTY_BODY = YES;
				CLANG_WARN_ENUM_CONVERSION = YES;
				CLANG_WARN_INT_CONVERSION = YES;
				CLANG_WARN_OBJC_ROOT_CLASS = YES_ERROR;
				CLANG_WARN_UNREACHABLE_CODE = YES;
				CLANG_WARN__DUPLICATE_METHOD_MATCH = YES;
				CODE_SIGN_IDENTITY = "iPhone Developer";
				"CODE_SIGN_IDENTITY[sdk=iphoneos*]" = "iPhone Developer";
				COPY_PHASE_STRIP = YES;
				DEFINES_MODULE = YES;
				ENABLE_NS_ASSERTIONS = NO;
				ENABLE_STRICT_OBJC_MSGSEND = YES;
				GCC_C_LANGUAGE_STANDARD = gnu99;
				GCC_WARN_64_TO_32_BIT_CONVERSION = YES;
				GCC_WARN_ABOUT_RETURN_TYPE = YES_ERROR;
				GCC_WARN_UNDECLARED_SELECTOR = YES;
				GCC_WARN_UNINITIALIZED_AUTOS = YES_AGGRESSIVE;
				GCC_WARN_UNUSED_FUNCTION = YES;
				GCC_WARN_UNUSED_VARIABLE = YES;
				IPHONEOS_DEPLOYMENT_TARGET = 8.1;
				MTL_ENABLE_DEBUG_INFO = NO;
				PROVISIONING_PROFILE = "";
				SDKROOT = iphoneos;
				VALIDATE_PRODUCT = YES;
			};
			name = Release;
		};
		719EE35F1A26C724007131ED /* Debug */ = {
			isa = XCBuildConfiguration;
			buildSettings = {
				ASSETCATALOG_COMPILER_APPICON_NAME = AppIcon;
				CODE_SIGN_IDENTITY = "iPhone Developer";
				"CODE_SIGN_IDENTITY[sdk=iphoneos*]" = "iPhone Developer";
				DEFINES_MODULE = YES;
				FRAMEWORK_SEARCH_PATHS = (
					"$(inherited)",
					"$(PROJECT_DIR)/CallingHeaven/parse-library-1",
				);
				HEADER_SEARCH_PATHS = (
					"$(inherited)",
					/Applications/Xcode.app/Contents/Developer/Toolchains/XcodeDefault.xctoolchain/usr/include,
				);
				INFOPLIST_FILE = CallingHeaven/Info.plist;
				IPHONEOS_DEPLOYMENT_TARGET = 8.2;
				LD_RUNPATH_SEARCH_PATHS = "$(inherited) @executable_path/Frameworks";
				PRODUCT_NAME = "$(TARGET_NAME)";
				PROVISIONING_PROFILE = "";
				TARGETED_DEVICE_FAMILY = 1;
			};
			name = Debug;
		};
		719EE3601A26C724007131ED /* Release */ = {
			isa = XCBuildConfiguration;
			buildSettings = {
				ASSETCATALOG_COMPILER_APPICON_NAME = AppIcon;
				CODE_SIGN_IDENTITY = "iPhone Developer";
				"CODE_SIGN_IDENTITY[sdk=iphoneos*]" = "iPhone Developer";
				DEFINES_MODULE = YES;
				FRAMEWORK_SEARCH_PATHS = (
					"$(inherited)",
					"$(PROJECT_DIR)/CallingHeaven/parse-library-1",
				);
				HEADER_SEARCH_PATHS = (
					"$(inherited)",
					/Applications/Xcode.app/Contents/Developer/Toolchains/XcodeDefault.xctoolchain/usr/include,
				);
				INFOPLIST_FILE = CallingHeaven/Info.plist;
				IPHONEOS_DEPLOYMENT_TARGET = 8.2;
				LD_RUNPATH_SEARCH_PATHS = "$(inherited) @executable_path/Frameworks";
				PRODUCT_NAME = "$(TARGET_NAME)";
				PROVISIONING_PROFILE = "";
				TARGETED_DEVICE_FAMILY = 1;
			};
			name = Release;
		};
		719EE3621A26C724007131ED /* Debug */ = {
			isa = XCBuildConfiguration;
			buildSettings = {
				BUNDLE_LOADER = "$(TEST_HOST)";
				FRAMEWORK_SEARCH_PATHS = (
					"$(SDKROOT)/Developer/Library/Frameworks",
					"$(inherited)",
				);
				GCC_PREPROCESSOR_DEFINITIONS = (
					"DEBUG=1",
					"$(inherited)",
				);
				INFOPLIST_FILE = CallingHeavenTests/Info.plist;
				LD_RUNPATH_SEARCH_PATHS = "$(inherited) @executable_path/Frameworks @loader_path/Frameworks";
				PRODUCT_NAME = "$(TARGET_NAME)";
				TEST_HOST = "$(BUILT_PRODUCTS_DIR)/CallingHeaven.app/CallingHeaven";
			};
			name = Debug;
		};
		719EE3631A26C724007131ED /* Release */ = {
			isa = XCBuildConfiguration;
			buildSettings = {
				BUNDLE_LOADER = "$(TEST_HOST)";
				FRAMEWORK_SEARCH_PATHS = (
					"$(SDKROOT)/Developer/Library/Frameworks",
					"$(inherited)",
				);
				INFOPLIST_FILE = CallingHeavenTests/Info.plist;
				LD_RUNPATH_SEARCH_PATHS = "$(inherited) @executable_path/Frameworks @loader_path/Frameworks";
				PRODUCT_NAME = "$(TARGET_NAME)";
				TEST_HOST = "$(BUILT_PRODUCTS_DIR)/CallingHeaven.app/CallingHeaven";
			};
			name = Release;
		};
/* End XCBuildConfiguration section */

/* Begin XCConfigurationList section */
		719EE33A1A26C723007131ED /* Build configuration list for PBXProject "CallingHeaven" */ = {
			isa = XCConfigurationList;
			buildConfigurations = (
				719EE35C1A26C724007131ED /* Debug */,
				719EE35D1A26C724007131ED /* Release */,
			);
			defaultConfigurationIsVisible = 0;
			defaultConfigurationName = Release;
		};
		719EE35E1A26C724007131ED /* Build configuration list for PBXNativeTarget "CallingHeaven" */ = {
			isa = XCConfigurationList;
			buildConfigurations = (
				719EE35F1A26C724007131ED /* Debug */,
				719EE3601A26C724007131ED /* Release */,
			);
			defaultConfigurationIsVisible = 0;
			defaultConfigurationName = Release;
		};
		719EE3611A26C724007131ED /* Build configuration list for PBXNativeTarget "CallingHeavenTests" */ = {
			isa = XCConfigurationList;
			buildConfigurations = (
				719EE3621A26C724007131ED /* Debug */,
				719EE3631A26C724007131ED /* Release */,
			);
			defaultConfigurationIsVisible = 0;
			defaultConfigurationName = Release;
		};
/* End XCConfigurationList section */
	};
	rootObject = 719EE3371A26C723007131ED /* Project object */;
}
