// !$*UTF8*$!
{
	archiveVersion = 1;
	classes = {
	};
	objectVersion = 46;
	objects = {

/* Begin PBXBuildFile section */
		712F07FE1A5F83BF00E0C60F /* JohnPrayers.swift in Sources */ = {isa = PBXBuildFile; fileRef = 712F07FD1A5F83BF00E0C60F /* JohnPrayers.swift */; };
		712F08001A5F850D00E0C60F /* TheresePrayers.swift in Sources */ = {isa = PBXBuildFile; fileRef = 712F07FF1A5F850D00E0C60F /* TheresePrayers.swift */; };
		712F08041A5F86A200E0C60F /* JesusPrayers.swift in Sources */ = {isa = PBXBuildFile; fileRef = 712F08031A5F86A200E0C60F /* JesusPrayers.swift */; };
		71336A771A33966A001B4044 /* TeresaPrayers.swift in Sources */ = {isa = PBXBuildFile; fileRef = 71336A761A33966A001B4044 /* TeresaPrayers.swift */; };
		7160CE131A2AB8A200E84B69 /* saintViewController.swift in Sources */ = {isa = PBXBuildFile; fileRef = 7160CE121A2AB8A200E84B69 /* saintViewController.swift */; };
		718111EF1A70A78D00DA14D6 /* JesusQuotes.swift in Sources */ = {isa = PBXBuildFile; fileRef = 718111EE1A70A78D00DA14D6 /* JesusQuotes.swift */; };
		718111F11A70A7B100DA14D6 /* AndesQuotes.swift in Sources */ = {isa = PBXBuildFile; fileRef = 718111F01A70A7B100DA14D6 /* AndesQuotes.swift */; };
		718111F31A70A81300DA14D6 /* EdithQuotes.swift in Sources */ = {isa = PBXBuildFile; fileRef = 718111F21A70A81300DA14D6 /* EdithQuotes.swift */; };
		718111F51A70A8B400DA14D6 /* JohnQuotes.swift in Sources */ = {isa = PBXBuildFile; fileRef = 718111F41A70A8B400DA14D6 /* JohnQuotes.swift */; };
		718111F71A70A97400DA14D6 /* TeresaQuotes.swift in Sources */ = {isa = PBXBuildFile; fileRef = 718111F61A70A97400DA14D6 /* TeresaQuotes.swift */; };
		718111F91A70A9FC00DA14D6 /* thereseQuotes.swift in Sources */ = {isa = PBXBuildFile; fileRef = 718111F81A70A9FC00DA14D6 /* thereseQuotes.swift */; };
		718111FB1A70AAEC00DA14D6 /* secondViewController.swift in Sources */ = {isa = PBXBuildFile; fileRef = 718111FA1A70AAEC00DA14D6 /* secondViewController.swift */; };
		718111FD1A70AB1000DA14D6 /* EdithPrayers.swift in Sources */ = {isa = PBXBuildFile; fileRef = 718111FC1A70AB1000DA14D6 /* EdithPrayers.swift */; };
		718111FF1A70ACC900DA14D6 /* LizQuotes.swift in Sources */ = {isa = PBXBuildFile; fileRef = 718111FE1A70ACC900DA14D6 /* LizQuotes.swift */; };
		718112031A70AD0B00DA14D6 /* UnknownQuotes.swift in Sources */ = {isa = PBXBuildFile; fileRef = 718112021A70AD0A00DA14D6 /* UnknownQuotes.swift */; };
		718112051A70AD3200DA14D6 /* AndesPrayers.swift in Sources */ = {isa = PBXBuildFile; fileRef = 718112041A70AD3200DA14D6 /* AndesPrayers.swift */; };
		718112071A70AD5000DA14D6 /* LizPrayers.swift in Sources */ = {isa = PBXBuildFile; fileRef = 718112061A70AD5000DA14D6 /* LizPrayers.swift */; };
		718112091A70AD7500DA14D6 /* MariaPrayers.swift in Sources */ = {isa = PBXBuildFile; fileRef = 718112081A70AD7500DA14D6 /* MariaPrayers.swift */; };
		7181120B1A70AD8B00DA14D6 /* UnknownPrayers.swift in Sources */ = {isa = PBXBuildFile; fileRef = 7181120A1A70AD8B00DA14D6 /* UnknownPrayers.swift */; };
		7181120D1A70ADC100DA14D6 /* JohnLife.swift in Sources */ = {isa = PBXBuildFile; fileRef = 7181120C1A70ADC100DA14D6 /* JohnLife.swift */; };
		7181120F1A70ADDF00DA14D6 /* TeresaLife.swift in Sources */ = {isa = PBXBuildFile; fileRef = 7181120E1A70ADDF00DA14D6 /* TeresaLife.swift */; };
		718112111A70AE2800DA14D6 /* ThereseLife.swift in Sources */ = {isa = PBXBuildFile; fileRef = 718112101A70AE2800DA14D6 /* ThereseLife.swift */; };
		718112131A70AE4300DA14D6 /* EdithLife.swift in Sources */ = {isa = PBXBuildFile; fileRef = 718112121A70AE4300DA14D6 /* EdithLife.swift */; };
		718112151A70AE5900DA14D6 /* JesusLife.swift in Sources */ = {isa = PBXBuildFile; fileRef = 718112141A70AE5900DA14D6 /* JesusLife.swift */; };
		718112171A70AE7400DA14D6 /* MariaLife.swift in Sources */ = {isa = PBXBuildFile; fileRef = 718112161A70AE7400DA14D6 /* MariaLife.swift */; };
		718112191A70AE8500DA14D6 /* AndesLife.swift in Sources */ = {isa = PBXBuildFile; fileRef = 718112181A70AE8500DA14D6 /* AndesLife.swift */; };
		7181121B1A70AE9600DA14D6 /* LizLife.swift in Sources */ = {isa = PBXBuildFile; fileRef = 7181121A1A70AE9600DA14D6 /* LizLife.swift */; };
		7181121D1A70AEA600DA14D6 /* UnknownLife.swift in Sources */ = {isa = PBXBuildFile; fileRef = 7181121C1A70AEA600DA14D6 /* UnknownLife.swift */; };
		719EE3451A26C724007131ED /* AppDelegate.swift in Sources */ = {isa = PBXBuildFile; fileRef = 719EE3441A26C724007131ED /* AppDelegate.swift */; };
		719EE3471A26C724007131ED /* ViewController.swift in Sources */ = {isa = PBXBuildFile; fileRef = 719EE3461A26C724007131ED /* ViewController.swift */; };
		719EE34A1A26C724007131ED /* Main.storyboard in Resources */ = {isa = PBXBuildFile; fileRef = 719EE3481A26C724007131ED /* Main.storyboard */; };
		719EE34C1A26C724007131ED /* Images.xcassets in Resources */ = {isa = PBXBuildFile; fileRef = 719EE34B1A26C724007131ED /* Images.xcassets */; };
		719EE34F1A26C724007131ED /* LaunchScreen.xib in Resources */ = {isa = PBXBuildFile; fileRef = 719EE34D1A26C724007131ED /* LaunchScreen.xib */; };
		719EE35B1A26C724007131ED /* CallingHeavenTests.swift in Sources */ = {isa = PBXBuildFile; fileRef = 719EE35A1A26C724007131ED /* CallingHeavenTests.swift */; };
		71D2262E1A78BBED002D2251 /* MariamQuotes.swift in Sources */ = {isa = PBXBuildFile; fileRef = 71D2262D1A78BBED002D2251 /* MariamQuotes.swift */; };
		71D226321A78C36E002D2251 /* PeterQuotes.swift in Sources */ = {isa = PBXBuildFile; fileRef = 71D226311A78C36E002D2251 /* PeterQuotes.swift */; };
/* End PBXBuildFile section */

/* Begin PBXContainerItemProxy section */
		719EE3551A26C724007131ED /* PBXContainerItemProxy */ = {
			isa = PBXContainerItemProxy;
			containerPortal = 719EE3371A26C723007131ED /* Project object */;
			proxyType = 1;
			remoteGlobalIDString = 719EE33E1A26C724007131ED;
			remoteInfo = CallingHeaven;
		};
/* End PBXContainerItemProxy section */

/* Begin PBXFileReference section */
		712F07FD1A5F83BF00E0C60F /* JohnPrayers.swift */ = {isa = PBXFileReference; fileEncoding = 4; lastKnownFileType = sourcecode.swift; path = JohnPrayers.swift; sourceTree = "<group>"; };
		712F07FF1A5F850D00E0C60F /* TheresePrayers.swift */ = {isa = PBXFileReference; fileEncoding = 4; lastKnownFileType = sourcecode.swift; path = TheresePrayers.swift; sourceTree = "<group>"; };
		712F08031A5F86A200E0C60F /* JesusPrayers.swift */ = {isa = PBXFileReference; fileEncoding = 4; lastKnownFileType = sourcecode.swift; path = JesusPrayers.swift; sourceTree = "<group>"; };
		71336A761A33966A001B4044 /* TeresaPrayers.swift */ = {isa = PBXFileReference; fileEncoding = 4; lastKnownFileType = sourcecode.swift; name = TeresaPrayers.swift; path = ../TeresaPrayers.swift; sourceTree = "<group>"; };
		7160CE121A2AB8A200E84B69 /* saintViewController.swift */ = {isa = PBXFileReference; fileEncoding = 4; lastKnownFileType = sourcecode.swift; name = saintViewController.swift; path = ../saintViewController.swift; sourceTree = "<group>"; };
		718111EE1A70A78D00DA14D6 /* JesusQuotes.swift */ = {isa = PBXFileReference; fileEncoding = 4; lastKnownFileType = sourcecode.swift; name = JesusQuotes.swift; path = ../../../../.Trash/JesusQuotes.swift; sourceTree = "<group>"; };
		718111F01A70A7B100DA14D6 /* AndesQuotes.swift */ = {isa = PBXFileReference; fileEncoding = 4; lastKnownFileType = sourcecode.swift; name = AndesQuotes.swift; path = ../../../../.Trash/AndesQuotes.swift; sourceTree = "<group>"; };
		718111F21A70A81300DA14D6 /* EdithQuotes.swift */ = {isa = PBXFileReference; fileEncoding = 4; lastKnownFileType = sourcecode.swift; name = EdithQuotes.swift; path = ../../../../.Trash/EdithQuotes.swift; sourceTree = "<group>"; };
		718111F41A70A8B400DA14D6 /* JohnQuotes.swift */ = {isa = PBXFileReference; fileEncoding = 4; lastKnownFileType = sourcecode.swift; name = JohnQuotes.swift; path = "../../Calling Heaven/Calling Heaven/JohnQuotes.swift"; sourceTree = "<group>"; };
		718111F61A70A97400DA14D6 /* TeresaQuotes.swift */ = {isa = PBXFileReference; fileEncoding = 4; lastKnownFileType = sourcecode.swift; path = TeresaQuotes.swift; sourceTree = SOURCE_ROOT; };
		718111F81A70A9FC00DA14D6 /* thereseQuotes.swift */ = {isa = PBXFileReference; fileEncoding = 4; lastKnownFileType = sourcecode.swift; name = thereseQuotes.swift; path = "../../Calling Heaven/Calling Heaven/thereseQuotes.swift"; sourceTree = "<group>"; };
		718111FA1A70AAEC00DA14D6 /* secondViewController.swift */ = {isa = PBXFileReference; fileEncoding = 4; lastKnownFileType = sourcecode.swift; path = secondViewController.swift; sourceTree = "<group>"; };
		718111FC1A70AB1000DA14D6 /* EdithPrayers.swift */ = {isa = PBXFileReference; fileEncoding = 4; lastKnownFileType = sourcecode.swift; path = EdithPrayers.swift; sourceTree = "<group>"; };
		718111FE1A70ACC900DA14D6 /* LizQuotes.swift */ = {isa = PBXFileReference; fileEncoding = 4; lastKnownFileType = sourcecode.swift; path = LizQuotes.swift; sourceTree = "<group>"; };
		718112021A70AD0A00DA14D6 /* UnknownQuotes.swift */ = {isa = PBXFileReference; fileEncoding = 4; lastKnownFileType = sourcecode.swift; path = UnknownQuotes.swift; sourceTree = "<group>"; };
		718112041A70AD3200DA14D6 /* AndesPrayers.swift */ = {isa = PBXFileReference; fileEncoding = 4; lastKnownFileType = sourcecode.swift; path = AndesPrayers.swift; sourceTree = "<group>"; };
		718112061A70AD5000DA14D6 /* LizPrayers.swift */ = {isa = PBXFileReference; fileEncoding = 4; lastKnownFileType = sourcecode.swift; path = LizPrayers.swift; sourceTree = "<group>"; };
		718112081A70AD7500DA14D6 /* MariaPrayers.swift */ = {isa = PBXFileReference; fileEncoding = 4; lastKnownFileType = sourcecode.swift; path = MariaPrayers.swift; sourceTree = "<group>"; };
		7181120A1A70AD8B00DA14D6 /* UnknownPrayers.swift */ = {isa = PBXFileReference; fileEncoding = 4; lastKnownFileType = sourcecode.swift; path = UnknownPrayers.swift; sourceTree = "<group>"; };
		7181120C1A70ADC100DA14D6 /* JohnLife.swift */ = {isa = PBXFileReference; fileEncoding = 4; lastKnownFileType = sourcecode.swift; path = JohnLife.swift; sourceTree = "<group>"; };
		7181120E1A70ADDF00DA14D6 /* TeresaLife.swift */ = {isa = PBXFileReference; fileEncoding = 4; lastKnownFileType = sourcecode.swift; name = TeresaLife.swift; path = ../TeresaLife.swift; sourceTree = "<group>"; };
		718112101A70AE2800DA14D6 /* ThereseLife.swift */ = {isa = PBXFileReference; fileEncoding = 4; lastKnownFileType = sourcecode.swift; path = ThereseLife.swift; sourceTree = "<group>"; };
		718112121A70AE4300DA14D6 /* EdithLife.swift */ = {isa = PBXFileReference; fileEncoding = 4; lastKnownFileType = sourcecode.swift; path = EdithLife.swift; sourceTree = "<group>"; };
		718112141A70AE5900DA14D6 /* JesusLife.swift */ = {isa = PBXFileReference; fileEncoding = 4; lastKnownFileType = sourcecode.swift; path = JesusLife.swift; sourceTree = "<group>"; };
		718112161A70AE7400DA14D6 /* MariaLife.swift */ = {isa = PBXFileReference; fileEncoding = 4; lastKnownFileType = sourcecode.swift; path = MariaLife.swift; sourceTree = "<group>"; };
		718112181A70AE8500DA14D6 /* AndesLife.swift */ = {isa = PBXFileReference; fileEncoding = 4; lastKnownFileType = sourcecode.swift; path = AndesLife.swift; sourceTree = "<group>"; };
		7181121A1A70AE9600DA14D6 /* LizLife.swift */ = {isa = PBXFileReference; fileEncoding = 4; lastKnownFileType = sourcecode.swift; path = LizLife.swift; sourceTree = "<group>"; };
		7181121C1A70AEA600DA14D6 /* UnknownLife.swift */ = {isa = PBXFileReference; fileEncoding = 4; lastKnownFileType = sourcecode.swift; path = UnknownLife.swift; sourceTree = "<group>"; };
		719EE33F1A26C724007131ED /* CallingHeaven.app */ = {isa = PBXFileReference; explicitFileType = wrapper.application; includeInIndex = 0; path = CallingHeaven.app; sourceTree = BUILT_PRODUCTS_DIR; };
		719EE3431A26C724007131ED /* Info.plist */ = {isa = PBXFileReference; lastKnownFileType = text.plist.xml; path = Info.plist; sourceTree = "<group>"; };
		719EE3441A26C724007131ED /* AppDelegate.swift */ = {isa = PBXFileReference; lastKnownFileType = sourcecode.swift; path = AppDelegate.swift; sourceTree = "<group>"; };
		719EE3461A26C724007131ED /* ViewController.swift */ = {isa = PBXFileReference; lastKnownFileType = sourcecode.swift; path = ViewController.swift; sourceTree = "<group>"; };
		719EE3491A26C724007131ED /* Base */ = {isa = PBXFileReference; lastKnownFileType = file.storyboard; name = Base; path = Base.lproj/Main.storyboard; sourceTree = "<group>"; };
		719EE34B1A26C724007131ED /* Images.xcassets */ = {isa = PBXFileReference; lastKnownFileType = folder.assetcatalog; path = Images.xcassets; sourceTree = "<group>"; };
		719EE34E1A26C724007131ED /* Base */ = {isa = PBXFileReference; lastKnownFileType = file.xib; name = Base; path = Base.lproj/LaunchScreen.xib; sourceTree = "<group>"; };
		719EE3541A26C724007131ED /* CallingHeavenTests.xctest */ = {isa = PBXFileReference; explicitFileType = wrapper.cfbundle; includeInIndex = 0; path = CallingHeavenTests.xctest; sourceTree = BUILT_PRODUCTS_DIR; };
		719EE3591A26C724007131ED /* Info.plist */ = {isa = PBXFileReference; lastKnownFileType = text.plist.xml; path = Info.plist; sourceTree = "<group>"; };
		719EE35A1A26C724007131ED /* CallingHeavenTests.swift */ = {isa = PBXFileReference; lastKnownFileType = sourcecode.swift; path = CallingHeavenTests.swift; sourceTree = "<group>"; };
		71D2262D1A78BBED002D2251 /* MariamQuotes.swift */ = {isa = PBXFileReference; fileEncoding = 4; lastKnownFileType = sourcecode.swift; name = MariamQuotes.swift; path = ../MariamQuotes.swift; sourceTree = "<group>"; };
		71D226311A78C36E002D2251 /* PeterQuotes.swift */ = {isa = PBXFileReference; fileEncoding = 4; lastKnownFileType = sourcecode.swift; name = PeterQuotes.swift; path = ../PeterQuotes.swift; sourceTree = "<group>"; };
/* End PBXFileReference section */

/* Begin PBXFrameworksBuildPhase section */
		719EE33C1A26C724007131ED /* Frameworks */ = {
			isa = PBXFrameworksBuildPhase;
			buildActionMask = 2147483647;
			files = (
			);
			runOnlyForDeploymentPostprocessing = 0;
		};
		719EE3511A26C724007131ED /* Frameworks */ = {
			isa = PBXFrameworksBuildPhase;
			buildActionMask = 2147483647;
			files = (
			);
			runOnlyForDeploymentPostprocessing = 0;
		};
/* End PBXFrameworksBuildPhase section */

/* Begin PBXGroup section */
		719EE3361A26C723007131ED = {
			isa = PBXGroup;
			children = (
				719EE3411A26C724007131ED /* CallingHeaven */,
				719EE3571A26C724007131ED /* CallingHeavenTests */,
				719EE3401A26C724007131ED /* Products */,
			);
			sourceTree = "<group>";
		};
		719EE3401A26C724007131ED /* Products */ = {
			isa = PBXGroup;
			children = (
				719EE33F1A26C724007131ED /* CallingHeaven.app */,
				719EE3541A26C724007131ED /* CallingHeavenTests.xctest */,
			);
			name = Products;
			sourceTree = "<group>";
		};
		719EE3411A26C724007131ED /* CallingHeaven */ = {
			isa = PBXGroup;
			children = (
				71D226311A78C36E002D2251 /* PeterQuotes.swift */,
				71D2262D1A78BBED002D2251 /* MariamQuotes.swift */,
				719EE3441A26C724007131ED /* AppDelegate.swift */,
				719EE3461A26C724007131ED /* ViewController.swift */,
				718111FA1A70AAEC00DA14D6 /* secondViewController.swift */,
				7160CE121A2AB8A200E84B69 /* saintViewController.swift */,
				718111F61A70A97400DA14D6 /* TeresaQuotes.swift */,
				718111F41A70A8B400DA14D6 /* JohnQuotes.swift */,
				718111F81A70A9FC00DA14D6 /* thereseQuotes.swift */,
				718111F21A70A81300DA14D6 /* EdithQuotes.swift */,
				718111EE1A70A78D00DA14D6 /* JesusQuotes.swift */,
				718112021A70AD0A00DA14D6 /* UnknownQuotes.swift */,
				718111F01A70A7B100DA14D6 /* AndesQuotes.swift */,
				718111FE1A70ACC900DA14D6 /* LizQuotes.swift */,
				71336A761A33966A001B4044 /* TeresaPrayers.swift */,
				712F07FD1A5F83BF00E0C60F /* JohnPrayers.swift */,
				712F07FF1A5F850D00E0C60F /* TheresePrayers.swift */,
				718111FC1A70AB1000DA14D6 /* EdithPrayers.swift */,
				712F08031A5F86A200E0C60F /* JesusPrayers.swift */,
				718112041A70AD3200DA14D6 /* AndesPrayers.swift */,
				718112061A70AD5000DA14D6 /* LizPrayers.swift */,
				718112081A70AD7500DA14D6 /* MariaPrayers.swift */,
				7181120A1A70AD8B00DA14D6 /* UnknownPrayers.swift */,
				7181120E1A70ADDF00DA14D6 /* TeresaLife.swift */,
				7181120C1A70ADC100DA14D6 /* JohnLife.swift */,
				718112101A70AE2800DA14D6 /* ThereseLife.swift */,
				718112121A70AE4300DA14D6 /* EdithLife.swift */,
				718112141A70AE5900DA14D6 /* JesusLife.swift */,
				718112161A70AE7400DA14D6 /* MariaLife.swift */,
				718112181A70AE8500DA14D6 /* AndesLife.swift */,
				7181121A1A70AE9600DA14D6 /* LizLife.swift */,
				7181121C1A70AEA600DA14D6 /* UnknownLife.swift */,
				719EE3481A26C724007131ED /* Main.storyboard */,
				719EE34B1A26C724007131ED /* Images.xcassets */,
				719EE34D1A26C724007131ED /* LaunchScreen.xib */,
				719EE3421A26C724007131ED /* Supporting Files */,
			);
			path = CallingHeaven;
			sourceTree = "<group>";
		};
		719EE3421A26C724007131ED /* Supporting Files */ = {
			isa = PBXGroup;
			children = (
				719EE3431A26C724007131ED /* Info.plist */,
			);
			name = "Supporting Files";
			sourceTree = "<group>";
		};
		719EE3571A26C724007131ED /* CallingHeavenTests */ = {
			isa = PBXGroup;
			children = (
				719EE35A1A26C724007131ED /* CallingHeavenTests.swift */,
				719EE3581A26C724007131ED /* Supporting Files */,
			);
			path = CallingHeavenTests;
			sourceTree = "<group>";
		};
		719EE3581A26C724007131ED /* Supporting Files */ = {
			isa = PBXGroup;
			children = (
				719EE3591A26C724007131ED /* Info.plist */,
			);
			name = "Supporting Files";
			sourceTree = "<group>";
		};
/* End PBXGroup section */

/* Begin PBXNativeTarget section */
		719EE33E1A26C724007131ED /* CallingHeaven */ = {
			isa = PBXNativeTarget;
			buildConfigurationList = 719EE35E1A26C724007131ED /* Build configuration list for PBXNativeTarget "CallingHeaven" */;
			buildPhases = (
				719EE33B1A26C724007131ED /* Sources */,
				719EE33C1A26C724007131ED /* Frameworks */,
				719EE33D1A26C724007131ED /* Resources */,
			);
			buildRules = (
			);
			dependencies = (
			);
			name = CallingHeaven;
			productName = CallingHeaven;
			productReference = 719EE33F1A26C724007131ED /* CallingHeaven.app */;
			productType = "com.apple.product-type.application";
		};
		719EE3531A26C724007131ED /* CallingHeavenTests */ = {
			isa = PBXNativeTarget;
			buildConfigurationList = 719EE3611A26C724007131ED /* Build configuration list for PBXNativeTarget "CallingHeavenTests" */;
			buildPhases = (
				719EE3501A26C724007131ED /* Sources */,
				719EE3511A26C724007131ED /* Frameworks */,
				719EE3521A26C724007131ED /* Resources */,
			);
			buildRules = (
			);
			dependencies = (
				719EE3561A26C724007131ED /* PBXTargetDependency */,
			);
			name = CallingHeavenTests;
			productName = CallingHeavenTests;
			productReference = 719EE3541A26C724007131ED /* CallingHeavenTests.xctest */;
			productType = "com.apple.product-type.bundle.unit-test";
		};
/* End PBXNativeTarget section */

/* Begin PBXProject section */
		719EE3371A26C723007131ED /* Project object */ = {
			isa = PBXProject;
			attributes = {
				LastUpgradeCheck = 0610;
				ORGANIZATIONNAME = "Carmel Heart Media";
				TargetAttributes = {
					719EE33E1A26C724007131ED = {
						CreatedOnToolsVersion = 6.1;
						DevelopmentTeam = 4UV7252NR9;
					};
					719EE3531A26C724007131ED = {
						CreatedOnToolsVersion = 6.1;
						TestTargetID = 719EE33E1A26C724007131ED;
					};
				};
			};
			buildConfigurationList = 719EE33A1A26C723007131ED /* Build configuration list for PBXProject "CallingHeaven" */;
			compatibilityVersion = "Xcode 3.2";
			developmentRegion = English;
			hasScannedForEncodings = 0;
			knownRegions = (
				en,
				Base,
			);
			mainGroup = 719EE3361A26C723007131ED;
			productRefGroup = 719EE3401A26C724007131ED /* Products */;
			projectDirPath = "";
			projectRoot = "";
			targets = (
				719EE33E1A26C724007131ED /* CallingHeaven */,
				719EE3531A26C724007131ED /* CallingHeavenTests */,
			);
		};
/* End PBXProject section */

/* Begin PBXResourcesBuildPhase section */
		719EE33D1A26C724007131ED /* Resources */ = {
			isa = PBXResourcesBuildPhase;
			buildActionMask = 2147483647;
			files = (
				719EE34A1A26C724007131ED /* Main.storyboard in Resources */,
				719EE34F1A26C724007131ED /* LaunchScreen.xib in Resources */,
				719EE34C1A26C724007131ED /* Images.xcassets in Resources */,
			);
			runOnlyForDeploymentPostprocessing = 0;
		};
		719EE3521A26C724007131ED /* Resources */ = {
			isa = PBXResourcesBuildPhase;
			buildActionMask = 2147483647;
			files = (
			);
			runOnlyForDeploymentPostprocessing = 0;
		};
/* End PBXResourcesBuildPhase section */

/* Begin PBXSourcesBuildPhase section */
		719EE33B1A26C724007131ED /* Sources */ = {
			isa = PBXSourcesBuildPhase;
			buildActionMask = 2147483647;
			files = (
				712F08041A5F86A200E0C60F /* JesusPrayers.swift in Sources */,
				71D2262E1A78BBED002D2251 /* MariamQuotes.swift in Sources */,
				718111FD1A70AB1000DA14D6 /* EdithPrayers.swift in Sources */,
				7181120B1A70AD8B00DA14D6 /* UnknownPrayers.swift in Sources */,
				718112071A70AD5000DA14D6 /* LizPrayers.swift in Sources */,
				719EE3471A26C724007131ED /* ViewController.swift in Sources */,
				718111F71A70A97400DA14D6 /* TeresaQuotes.swift in Sources */,
				718112091A70AD7500DA14D6 /* MariaPrayers.swift in Sources */,
				7181120F1A70ADDF00DA14D6 /* TeresaLife.swift in Sources */,
				718112131A70AE4300DA14D6 /* EdithLife.swift in Sources */,
				718111F31A70A81300DA14D6 /* EdithQuotes.swift in Sources */,
				7181120D1A70ADC100DA14D6 /* JohnLife.swift in Sources */,
				718112031A70AD0B00DA14D6 /* UnknownQuotes.swift in Sources */,
				71D226321A78C36E002D2251 /* PeterQuotes.swift in Sources */,
				71336A771A33966A001B4044 /* TeresaPrayers.swift in Sources */,
				719EE3451A26C724007131ED /* AppDelegate.swift in Sources */,
				7181121D1A70AEA600DA14D6 /* UnknownLife.swift in Sources */,
				7160CE131A2AB8A200E84B69 /* saintViewController.swift in Sources */,
				712F07FE1A5F83BF00E0C60F /* JohnPrayers.swift in Sources */,
				718112171A70AE7400DA14D6 /* MariaLife.swift in Sources */,
				718111EF1A70A78D00DA14D6 /* JesusQuotes.swift in Sources */,
				718111FF1A70ACC900DA14D6 /* LizQuotes.swift in Sources */,
				718112151A70AE5900DA14D6 /* JesusLife.swift in Sources */,
				718111F11A70A7B100DA14D6 /* AndesQuotes.swift in Sources */,
				718112051A70AD3200DA14D6 /* AndesPrayers.swift in Sources */,
				712F08001A5F850D00E0C60F /* TheresePrayers.swift in Sources */,
				718111F51A70A8B400DA14D6 /* JohnQuotes.swift in Sources */,
				718112191A70AE8500DA14D6 /* AndesLife.swift in Sources */,
				718112111A70AE2800DA14D6 /* ThereseLife.swift in Sources */,
				718111FB1A70AAEC00DA14D6 /* secondViewController.swift in Sources */,
				718111F91A70A9FC00DA14D6 /* thereseQuotes.swift in Sources */,
				7181121B1A70AE9600DA14D6 /* LizLife.swift in Sources */,
			);
			runOnlyForDeploymentPostprocessing = 0;
		};
		719EE3501A26C724007131ED /* Sources */ = {
			isa = PBXSourcesBuildPhase;
			buildActionMask = 2147483647;
			files = (
				719EE35B1A26C724007131ED /* CallingHeavenTests.swift in Sources */,
			);
			runOnlyForDeploymentPostprocessing = 0;
		};
/* End PBXSourcesBuildPhase section */

/* Begin PBXTargetDependency section */
		719EE3561A26C724007131ED /* PBXTargetDependency */ = {
			isa = PBXTargetDependency;
			target = 719EE33E1A26C724007131ED /* CallingHeaven */;
			targetProxy = 719EE3551A26C724007131ED /* PBXContainerItemProxy */;
		};
/* End PBXTargetDependency section */

/* Begin PBXVariantGroup section */
		719EE3481A26C724007131ED /* Main.storyboard */ = {
			isa = PBXVariantGroup;
			children = (
				719EE3491A26C724007131ED /* Base */,
			);
			name = Main.storyboard;
			sourceTree = "<group>";
		};
		719EE34D1A26C724007131ED /* LaunchScreen.xib */ = {
			isa = PBXVariantGroup;
			children = (
				719EE34E1A26C724007131ED /* Base */,
			);
			name = LaunchScreen.xib;
			sourceTree = "<group>";
		};
/* End PBXVariantGroup section */

/* Begin XCBuildConfiguration section */
		719EE35C1A26C724007131ED /* Debug */ = {
			isa = XCBuildConfiguration;
			buildSettings = {
				ALWAYS_SEARCH_USER_PATHS = NO;
				CLANG_CXX_LANGUAGE_STANDARD = "gnu++0x";
				CLANG_CXX_LIBRARY = "libc++";
				CLANG_ENABLE_MODULES = YES;
				CLANG_ENABLE_OBJC_ARC = YES;
				CLANG_WARN_BOOL_CONVERSION = YES;
				CLANG_WARN_CONSTANT_CONVERSION = YES;
				CLANG_WARN_DIRECT_OBJC_ISA_USAGE = YES_ERROR;
				CLANG_WARN_EMPTY_BODY = YES;
				CLANG_WARN_ENUM_CONVERSION = YES;
				CLANG_WARN_INT_CONVERSION = YES;
				CLANG_WARN_OBJC_ROOT_CLASS = YES_ERROR;
				CLANG_WARN_UNREACHABLE_CODE = YES;
				CLANG_WARN__DUPLICATE_METHOD_MATCH = YES;
				"CODE_SIGN_IDENTITY[sdk=iphoneos*]" = "iPhone Developer";
				COPY_PHASE_STRIP = NO;
				ENABLE_STRICT_OBJC_MSGSEND = YES;
				GCC_C_LANGUAGE_STANDARD = gnu99;
				GCC_DYNAMIC_NO_PIC = NO;
				GCC_OPTIMIZATION_LEVEL = 0;
				GCC_PREPROCESSOR_DEFINITIONS = (
					"DEBUG=1",
					"$(inherited)",
				);
				GCC_SYMBOLS_PRIVATE_EXTERN = NO;
				GCC_WARN_64_TO_32_BIT_CONVERSION = YES;
				GCC_WARN_ABOUT_RETURN_TYPE = YES_ERROR;
				GCC_WARN_UNDECLARED_SELECTOR = YES;
				GCC_WARN_UNINITIALIZED_AUTOS = YES_AGGRESSIVE;
				GCC_WARN_UNUSED_FUNCTION = YES;
				GCC_WARN_UNUSED_VARIABLE = YES;
				IPHONEOS_DEPLOYMENT_TARGET = 8.1;
				MTL_ENABLE_DEBUG_INFO = YES;
				ONLY_ACTIVE_ARCH = YES;
				SDKROOT = iphoneos;
				SWIFT_OPTIMIZATION_LEVEL = "-Onone";
			};
			name = Debug;
		};
		719EE35D1A26C724007131ED /* Release */ = {
			isa = XCBuildConfiguration;
			buildSettings = {
				ALWAYS_SEARCH_USER_PATHS = NO;
				CLANG_CXX_LANGUAGE_STANDARD = "gnu++0x";
				CLANG_CXX_LIBRARY = "libc++";
				CLANG_ENABLE_MODULES = YES;
				CLANG_ENABLE_OBJC_ARC = YES;
				CLANG_WARN_BOOL_CONVERSION = YES;
				CLANG_WARN_CONSTANT_CONVERSION = YES;
				CLANG_WARN_DIRECT_OBJC_ISA_USAGE = YES_ERROR;
				CLANG_WARN_EMPTY_BODY = YES;
				CLANG_WARN_ENUM_CONVERSION = YES;
				CLANG_WARN_INT_CONVERSION = YES;
				CLANG_WARN_OBJC_ROOT_CLASS = YES_ERROR;
				CLANG_WARN_UNREACHABLE_CODE = YES;
				CLANG_WARN__DUPLICATE_METHOD_MATCH = YES;
				"CODE_SIGN_IDENTITY[sdk=iphoneos*]" = "iPhone Developer";
				COPY_PHASE_STRIP = YES;
				ENABLE_NS_ASSERTIONS = NO;
				ENABLE_STRICT_OBJC_MSGSEND = YES;
				GCC_C_LANGUAGE_STANDARD = gnu99;
				GCC_WARN_64_TO_32_BIT_CONVERSION = YES;
				GCC_WARN_ABOUT_RETURN_TYPE = YES_ERROR;
				GCC_WARN_UNDECLARED_SELECTOR = YES;
				GCC_WARN_UNINITIALIZED_AUTOS = YES_AGGRESSIVE;
				GCC_WARN_UNUSED_FUNCTION = YES;
				GCC_WARN_UNUSED_VARIABLE = YES;
				IPHONEOS_DEPLOYMENT_TARGET = 8.1;
				MTL_ENABLE_DEBUG_INFO = NO;
				SDKROOT = iphoneos;
				VALIDATE_PRODUCT = YES;
			};
			name = Release;
		};
		719EE35F1A26C724007131ED /* Debug */ = {
			isa = XCBuildConfiguration;
			buildSettings = {
				ASSETCATALOG_COMPILER_APPICON_NAME = AppIcon;
				CODE_SIGN_IDENTITY = "iPhone Developer";
				"CODE_SIGN_IDENTITY[sdk=iphoneos*]" = "iPhone Developer";
				INFOPLIST_FILE = CallingHeaven/Info.plist;
				IPHONEOS_DEPLOYMENT_TARGET = 8.1;
				LD_RUNPATH_SEARCH_PATHS = "$(inherited) @executable_path/Frameworks";
				PRODUCT_NAME = "$(TARGET_NAME)";
				PROVISIONING_PROFILE = "";
			};
			name = Debug;
		};
		719EE3601A26C724007131ED /* Release */ = {
			isa = XCBuildConfiguration;
			buildSettings = {
				ASSETCATALOG_COMPILER_APPICON_NAME = AppIcon;
				CODE_SIGN_IDENTITY = "iPhone Developer";
				"CODE_SIGN_IDENTITY[sdk=iphoneos*]" = "iPhone Developer";
				INFOPLIST_FILE = CallingHeaven/Info.plist;
				IPHONEOS_DEPLOYMENT_TARGET = 8.1;
				LD_RUNPATH_SEARCH_PATHS = "$(inherited) @executable_path/Frameworks";
				PRODUCT_NAME = "$(TARGET_NAME)";
				PROVISIONING_PROFILE = "";
			};
			name = Release;
		};
		719EE3621A26C724007131ED /* Debug */ = {
			isa = XCBuildConfiguration;
			buildSettings = {
				BUNDLE_LOADER = "$(TEST_HOST)";
				FRAMEWORK_SEARCH_PATHS = (
					"$(SDKROOT)/Developer/Library/Frameworks",
					"$(inherited)",
				);
				GCC_PREPROCESSOR_DEFINITIONS = (
					"DEBUG=1",
					"$(inherited)",
				);
				INFOPLIST_FILE = CallingHeavenTests/Info.plist;
				LD_RUNPATH_SEARCH_PATHS = "$(inherited) @executable_path/Frameworks @loader_path/Frameworks";
				PRODUCT_NAME = "$(TARGET_NAME)";
				TEST_HOST = "$(BUILT_PRODUCTS_DIR)/CallingHeaven.app/CallingHeaven";
			};
			name = Debug;
		};
		719EE3631A26C724007131ED /* Release */ = {
			isa = XCBuildConfiguration;
			buildSettings = {
				BUNDLE_LOADER = "$(TEST_HOST)";
				FRAMEWORK_SEARCH_PATHS = (
					"$(SDKROOT)/Developer/Library/Frameworks",
					"$(inherited)",
				);
				INFOPLIST_FILE = CallingHeavenTests/Info.plist;
				LD_RUNPATH_SEARCH_PATHS = "$(inherited) @executable_path/Frameworks @loader_path/Frameworks";
				PRODUCT_NAME = "$(TARGET_NAME)";
				TEST_HOST = "$(BUILT_PRODUCTS_DIR)/CallingHeaven.app/CallingHeaven";
			};
			name = Release;
		};
/* End XCBuildConfiguration section */

/* Begin XCConfigurationList section */
		719EE33A1A26C723007131ED /* Build configuration list for PBXProject "CallingHeaven" */ = {
			isa = XCConfigurationList;
			buildConfigurations = (
				719EE35C1A26C724007131ED /* Debug */,
				719EE35D1A26C724007131ED /* Release */,
			);
			defaultConfigurationIsVisible = 0;
			defaultConfigurationName = Release;
		};
		719EE35E1A26C724007131ED /* Build configuration list for PBXNativeTarget "CallingHeaven" */ = {
			isa = XCConfigurationList;
			buildConfigurations = (
				719EE35F1A26C724007131ED /* Debug */,
				719EE3601A26C724007131ED /* Release */,
			);
			defaultConfigurationIsVisible = 0;
			defaultConfigurationName = Release;
		};
		719EE3611A26C724007131ED /* Build configuration list for PBXNativeTarget "CallingHeavenTests" */ = {
			isa = XCConfigurationList;
			buildConfigurations = (
				719EE3621A26C724007131ED /* Debug */,
				719EE3631A26C724007131ED /* Release */,
			);
			defaultConfigurationIsVisible = 0;
			defaultConfigurationName = Release;
		};
/* End XCConfigurationList section */
	};
	rootObject = 719EE3371A26C723007131ED /* Project object */;
}
